// !$*UTF8*$!
{
	archiveVersion = 1;
	classes = {
	};
	objectVersion = 46;
	objects = {

/* Begin PBXBuildFile section */
		9A6834B01E82B5BF0005310C /* AppDelegate.swift in Sources */ = {isa = PBXBuildFile; fileRef = 9A6834AF1E82B5BF0005310C /* AppDelegate.swift */; };
		9A6834B51E82B5C00005310C /* Main.storyboard in Resources */ = {isa = PBXBuildFile; fileRef = 9A6834B31E82B5C00005310C /* Main.storyboard */; };
		9A6834B71E82B5C00005310C /* Assets.xcassets in Resources */ = {isa = PBXBuildFile; fileRef = 9A6834B61E82B5C00005310C /* Assets.xcassets */; };
		9A6834BA1E82B5C00005310C /* LaunchScreen.storyboard in Resources */ = {isa = PBXBuildFile; fileRef = 9A6834B81E82B5C00005310C /* LaunchScreen.storyboard */; };
		9A6834C21E82B9410005310C /* Contact.swift in Sources */ = {isa = PBXBuildFile; fileRef = 9A6834C11E82B9410005310C /* Contact.swift */; };
		9A6834C41E82BA2A0005310C /* ContactList.swift in Sources */ = {isa = PBXBuildFile; fileRef = 9A6834C31E82BA2A0005310C /* ContactList.swift */; };
		9A6834C61E82C0120005310C /* ContactTableViewController.swift in Sources */ = {isa = PBXBuildFile; fileRef = 9A6834C51E82C0120005310C /* ContactTableViewController.swift */; };
/* End PBXBuildFile section */

/* Begin PBXFileReference section */
		9A6834AC1E82B5BF0005310C /* Rose_AddressBook.app */ = {isa = PBXFileReference; explicitFileType = wrapper.application; includeInIndex = 0; path = Rose_AddressBook.app; sourceTree = BUILT_PRODUCTS_DIR; };
		9A6834AF1E82B5BF0005310C /* AppDelegate.swift */ = {isa = PBXFileReference; lastKnownFileType = sourcecode.swift; path = AppDelegate.swift; sourceTree = "<group>"; };
		9A6834B41E82B5C00005310C /* Base */ = {isa = PBXFileReference; lastKnownFileType = file.storyboard; name = Base; path = Base.lproj/Main.storyboard; sourceTree = "<group>"; };
		9A6834B61E82B5C00005310C /* Assets.xcassets */ = {isa = PBXFileReference; lastKnownFileType = folder.assetcatalog; path = Assets.xcassets; sourceTree = "<group>"; };
		9A6834B91E82B5C00005310C /* Base */ = {isa = PBXFileReference; lastKnownFileType = file.storyboard; name = Base; path = Base.lproj/LaunchScreen.storyboard; sourceTree = "<group>"; };
		9A6834BB1E82B5C00005310C /* Info.plist */ = {isa = PBXFileReference; lastKnownFileType = text.plist.xml; path = Info.plist; sourceTree = "<group>"; };
		9A6834C11E82B9410005310C /* Contact.swift */ = {isa = PBXFileReference; fileEncoding = 4; lastKnownFileType = sourcecode.swift; path = Contact.swift; sourceTree = "<group>"; };
		9A6834C31E82BA2A0005310C /* ContactList.swift */ = {isa = PBXFileReference; fileEncoding = 4; lastKnownFileType = sourcecode.swift; path = ContactList.swift; sourceTree = "<group>"; };
		9A6834C51E82C0120005310C /* ContactTableViewController.swift */ = {isa = PBXFileReference; fileEncoding = 4; lastKnownFileType = sourcecode.swift; path = ContactTableViewController.swift; sourceTree = "<group>"; };
/* End PBXFileReference section */

/* Begin PBXFrameworksBuildPhase section */
		9A6834A91E82B5BF0005310C /* Frameworks */ = {
			isa = PBXFrameworksBuildPhase;
			buildActionMask = 2147483647;
			files = (
			);
			runOnlyForDeploymentPostprocessing = 0;
		};
/* End PBXFrameworksBuildPhase section */

/* Begin PBXGroup section */
		9A6834A31E82B5BF0005310C = {
			isa = PBXGroup;
			children = (
				9A6834AE1E82B5BF0005310C /* Rose_AddressBook */,
				9A6834AD1E82B5BF0005310C /* Products */,
			);
			sourceTree = "<group>";
		};
		9A6834AD1E82B5BF0005310C /* Products */ = {
			isa = PBXGroup;
			children = (
				9A6834AC1E82B5BF0005310C /* Rose_AddressBook.app */,
			);
			name = Products;
			sourceTree = "<group>";
		};
		9A6834AE1E82B5BF0005310C /* Rose_AddressBook */ = {
			isa = PBXGroup;
			children = (
				9A6834AF1E82B5BF0005310C /* AppDelegate.swift */,
				9A6834B31E82B5C00005310C /* Main.storyboard */,
				9A6834C51E82C0120005310C /* ContactTableViewController.swift */,
				9A6834B61E82B5C00005310C /* Assets.xcassets */,
				9A6834B81E82B5C00005310C /* LaunchScreen.storyboard */,
				9A6834C11E82B9410005310C /* Contact.swift */,
				9A6834C31E82BA2A0005310C /* ContactList.swift */,
				9A6834BB1E82B5C00005310C /* Info.plist */,
			);
			path = Rose_AddressBook;
			sourceTree = "<group>";
		};
/* End PBXGroup section */

/* Begin PBXNativeTarget section */
		9A6834AB1E82B5BF0005310C /* Rose_AddressBook */ = {
			isa = PBXNativeTarget;
			buildConfigurationList = 9A6834BE1E82B5C00005310C /* Build configuration list for PBXNativeTarget "Rose_AddressBook" */;
			buildPhases = (
				9A6834A81E82B5BF0005310C /* Sources */,
				9A6834A91E82B5BF0005310C /* Frameworks */,
				9A6834AA1E82B5BF0005310C /* Resources */,
			);
			buildRules = (
			);
			dependencies = (
			);
			name = Rose_AddressBook;
			productName = Rose_AddressBook;
			productReference = 9A6834AC1E82B5BF0005310C /* Rose_AddressBook.app */;
			productType = "com.apple.product-type.application";
		};
/* End PBXNativeTarget section */

/* Begin PBXProject section */
		9A6834A41E82B5BF0005310C /* Project object */ = {
			isa = PBXProject;
			attributes = {
				LastSwiftUpdateCheck = 0820;
				LastUpgradeCheck = 0820;
				ORGANIZATIONNAME = "Tyler Rose";
				TargetAttributes = {
					9A6834AB1E82B5BF0005310C = {
						CreatedOnToolsVersion = 8.2.1;
						DevelopmentTeam = QE6Y8UK8X6;
						ProvisioningStyle = Automatic;
					};
				};
			};
			buildConfigurationList = 9A6834A71E82B5BF0005310C /* Build configuration list for PBXProject "Rose_AddressBook" */;
			compatibilityVersion = "Xcode 3.2";
			developmentRegion = English;
			hasScannedForEncodings = 0;
			knownRegions = (
				en,
				Base,
			);
			mainGroup = 9A6834A31E82B5BF0005310C;
			productRefGroup = 9A6834AD1E82B5BF0005310C /* Products */;
			projectDirPath = "";
			projectRoot = "";
			targets = (
				9A6834AB1E82B5BF0005310C /* Rose_AddressBook */,
			);
		};
/* End PBXProject section */

/* Begin PBXResourcesBuildPhase section */
		9A6834AA1E82B5BF0005310C /* Resources */ = {
			isa = PBXResourcesBuildPhase;
			buildActionMask = 2147483647;
			files = (
				9A6834BA1E82B5C00005310C /* LaunchScreen.storyboard in Resources */,
				9A6834B71E82B5C00005310C /* Assets.xcassets in Resources */,
				9A6834B51E82B5C00005310C /* Main.storyboard in Resources */,
			);
			runOnlyForDeploymentPostprocessing = 0;
		};
/* End PBXResourcesBuildPhase section */

/* Begin PBXSourcesBuildPhase section */
		9A6834A81E82B5BF0005310C /* Sources */ = {
			isa = PBXSourcesBuildPhase;
			buildActionMask = 2147483647;
			files = (
				9A6834C41E82BA2A0005310C /* ContactList.swift in Sources */,
				9A6834C21E82B9410005310C /* Contact.swift in Sources */,
				9A6834C61E82C0120005310C /* ContactTableViewController.swift in Sources */,
				9A6834B01E82B5BF0005310C /* AppDelegate.swift in Sources */,
			);
			runOnlyForDeploymentPostprocessing = 0;
		};
/* End PBXSourcesBuildPhase section */

/* Begin PBXVariantGroup section */
		9A6834B31E82B5C00005310C /* Main.storyboard */ = {
			isa = PBXVariantGroup;
			children = (
				9A6834B41E82B5C00005310C /* Base */,
			);
			name = Main.storyboard;
			sourceTree = "<group>";
		};
		9A6834B81E82B5C00005310C /* LaunchScreen.storyboard */ = {
			isa = PBXVariantGroup;
			children = (
				9A6834B91E82B5C00005310C /* Base */,
			);
			name = LaunchScreen.storyboard;
			sourceTree = "<group>";
		};
/* End PBXVariantGroup section */

/* Begin XCBuildConfiguration section */
		9A6834BC1E82B5C00005310C /* Debug */ = {
			isa = XCBuildConfiguration;
			buildSettings = {
				ALWAYS_SEARCH_USER_PATHS = NO;
				CLANG_ANALYZER_NONNULL = YES;
				CLANG_CXX_LANGUAGE_STANDARD = "gnu++0x";
				CLANG_CXX_LIBRARY = "libc++";
				CLANG_ENABLE_MODULES = YES;
				CLANG_ENABLE_OBJC_ARC = YES;
				CLANG_WARN_BOOL_CONVERSION = YES;
				CLANG_WARN_CONSTANT_CONVERSION = YES;
				CLANG_WARN_DIRECT_OBJC_ISA_USAGE = YES_ERROR;
				CLANG_WARN_DOCUMENTATION_COMMENTS = YES;
				CLANG_WARN_EMPTY_BODY = YES;
				CLANG_WARN_ENUM_CONVERSION = YES;
				CLANG_WARN_INFINITE_RECURSION = YES;
				CLANG_WARN_INT_CONVERSION = YES;
				CLANG_WARN_OBJC_ROOT_CLASS = YES_ERROR;
				CLANG_WARN_SUSPICIOUS_MOVE = YES;
				CLANG_WARN_UNREACHABLE_CODE = YES;
				CLANG_WARN__DUPLICATE_METHOD_MATCH = YES;
				"CODE_SIGN_IDENTITY[sdk=iphoneos*]" = "iPhone Developer";
				COPY_PHASE_STRIP = NO;
				DEBUG_INFORMATION_FORMAT = dwarf;
				ENABLE_STRICT_OBJC_MSGSEND = YES;
				ENABLE_TESTABILITY = YES;
				GCC_C_LANGUAGE_STANDARD = gnu99;
				GCC_DYNAMIC_NO_PIC = NO;
				GCC_NO_COMMON_BLOCKS = YES;
				GCC_OPTIMIZATION_LEVEL = 0;
				GCC_PREPROCESSOR_DEFINITIONS = (
					"DEBUG=1",
					"$(inherited)",
				);
				GCC_WARN_64_TO_32_BIT_CONVERSION = YES;
				GCC_WARN_ABOUT_RETURN_TYPE = YES_ERROR;
				GCC_WARN_UNDECLARED_SELECTOR = YES;
				GCC_WARN_UNINITIALIZED_AUTOS = YES_AGGRESSIVE;
				GCC_WARN_UNUSED_FUNCTION = YES;
				GCC_WARN_UNUSED_VARIABLE = YES;
				IPHONEOS_DEPLOYMENT_TARGET = 10.2;
				MTL_ENABLE_DEBUG_INFO = YES;
				ONLY_ACTIVE_ARCH = YES;
				SDKROOT = iphoneos;
				SWIFT_ACTIVE_COMPILATION_CONDITIONS = DEBUG;
				SWIFT_OPTIMIZATION_LEVEL = "-Onone";
			};
			name = Debug;
		};
		9A6834BD1E82B5C00005310C /* Release */ = {
			isa = XCBuildConfiguration;
			buildSettings = {
				ALWAYS_SEARCH_USER_PATHS = NO;
				CLANG_ANALYZER_NONNULL = YES;
				CLANG_CXX_LANGUAGE_STANDARD = "gnu++0x";
				CLANG_CXX_LIBRARY = "libc++";
				CLANG_ENABLE_MODULES = YES;
				CLANG_ENABLE_OBJC_ARC = YES;
				CLANG_WARN_BOOL_CONVERSION = YES;
				CLANG_WARN_CONSTANT_CONVERSION = YES;
				CLANG_WARN_DIRECT_OBJC_ISA_USAGE = YES_ERROR;
				CLANG_WARN_DOCUMENTATION_COMMENTS = YES;
				CLANG_WARN_EMPTY_BODY = YES;
				CLANG_WARN_ENUM_CONVERSION = YES;
				CLANG_WARN_INFINITE_RECURSION = YES;
				CLANG_WARN_INT_CONVERSION = YES;
				CLANG_WARN_OBJC_ROOT_CLASS = YES_ERROR;
				CLANG_WARN_SUSPICIOUS_MOVE = YES;
				CLANG_WARN_UNREACHABLE_CODE = YES;
				CLANG_WARN__DUPLICATE_METHOD_MATCH = YES;
				"CODE_SIGN_IDENTITY[sdk=iphoneos*]" = "iPhone Developer";
				COPY_PHASE_STRIP = NO;
				DEBUG_INFORMATION_FORMAT = "dwarf-with-dsym";
				ENABLE_NS_ASSERTIONS = NO;
				ENABLE_STRICT_OBJC_MSGSEND = YES;
				GCC_C_LANGUAGE_STANDARD = gnu99;
				GCC_NO_COMMON_BLOCKS = YES;
				GCC_WARN_64_TO_32_BIT_CONVERSION = YES;
				GCC_WARN_ABOUT_RETURN_TYPE = YES_ERROR;
				GCC_WARN_UNDECLARED_SELECTOR = YES;
				GCC_WARN_UNINITIALIZED_AUTOS = YES_AGGRESSIVE;
				GCC_WARN_UNUSED_FUNCTION = YES;
				GCC_WARN_UNUSED_VARIABLE = YES;
				IPHONEOS_DEPLOYMENT_TARGET = 10.2;
				MTL_ENABLE_DEBUG_INFO = NO;
				SDKROOT = iphoneos;
				SWIFT_OPTIMIZATION_LEVEL = "-Owholemodule";
				VALIDATE_PRODUCT = YES;
			};
			name = Release;
		};
		9A6834BF1E82B5C00005310C /* Debug */ = {
			isa = XCBuildConfiguration;
			buildSettings = {
				ASSETCATALOG_COMPILER_APPICON_NAME = AppIcon;
				DEVELOPMENT_TEAM = QE6Y8UK8X6;
				INFOPLIST_FILE = Rose_AddressBook/Info.plist;
				LD_RUNPATH_SEARCH_PATHS = "$(inherited) @executable_path/Frameworks";
				PRODUCT_BUNDLE_IDENTIFIER = "com.tylerrose.Rose-AddressBook";
				PRODUCT_NAME = "$(TARGET_NAME)";
				SWIFT_VERSION = 3.0;
			};
			name = Debug;
		};
		9A6834C01E82B5C00005310C /* Release */ = {
			isa = XCBuildConfiguration;
			buildSettings = {
				ASSETCATALOG_COMPILER_APPICON_NAME = AppIcon;
				DEVELOPMENT_TEAM = QE6Y8UK8X6;
				INFOPLIST_FILE = Rose_AddressBook/Info.plist;
				LD_RUNPATH_SEARCH_PATHS = "$(inherited) @executable_path/Frameworks";
				PRODUCT_BUNDLE_IDENTIFIER = "com.tylerrose.Rose-AddressBook";
				PRODUCT_NAME = "$(TARGET_NAME)";
				SWIFT_VERSION = 3.0;
			};
			name = Release;
		};
/* End XCBuildConfiguration section */

/* Begin XCConfigurationList section */
		9A6834A71E82B5BF0005310C /* Build configuration list for PBXProject "Rose_AddressBook" */ = {
			isa = XCConfigurationList;
			buildConfigurations = (
				9A6834BC1E82B5C00005310C /* Debug */,
				9A6834BD1E82B5C00005310C /* Release */,
			);
			defaultConfigurationIsVisible = 0;
			defaultConfigurationName = Release;
		};
		9A6834BE1E82B5C00005310C /* Build configuration list for PBXNativeTarget "Rose_AddressBook" */ = {
			isa = XCConfigurationList;
			buildConfigurations = (
				9A6834BF1E82B5C00005310C /* Debug */,
				9A6834C01E82B5C00005310C /* Release */,
			);
			defaultConfigurationIsVisible = 0;
			defaultConfigurationName = Release;
		};
/* End XCConfigurationList section */
	};
	rootObject = 9A6834A41E82B5BF0005310C /* Project object */;
}
